{
  "name": "Audit_Management_system",
  "lockfileVersion": 3,
  "requires": true,
  "packages": {
    "": {
      "devDependencies": {
        "babel-plugin-react-remove-properties": "^0.3.1"
      }
    },
    "node_modules/babel-plugin-react-remove-properties": {
      "version": "0.3.1",
      "resolved": "https://registry.npmjs.org/babel-plugin-react-remove-properties/-/babel-plugin-react-remove-properties-0.3.1.tgz",
      "integrity": "sha512-JQ0oEgC4P6TZxSqEaoPZdbgE2L38Kz7RgTgGcOUUR24Z19OiGhnhdXkXkwwsYyx6LOr/bMY5ljDADhxDr/JQug==",
      "dev": true,
      "license": "MIT"
    }
  }
}
